{
  "name": "generatechildcoupons",
  "version": "2.0.0",
  "lockfileVersion": 2,
  "requires": true,
  "packages": {
    "": {
      "name": "generatechildcoupons",
      "version": "2.0.0",
      "license": "Apache-2.0",
      "dependencies": {
        "crypto-random-string": "^5.0.0",
        "uuid": "^9.0.1"
      },
      "devDependencies": {
        "@types/aws-lambda": "^8.10.92"
      }
    },
    "node_modules/@types/aws-lambda": {
      "version": "8.10.136",
      "resolved": "https://registry.npmjs.org/@types/aws-lambda/-/aws-lambda-8.10.136.tgz",
      "integrity": "sha512-cmmgqxdVGhxYK9lZMYYXYRJk6twBo53ivtXjIUEFZxfxe4TkZTZBK3RRWrY2HjJcUIix0mdifn15yjOAat5lTA==",
      "dev": true
    },
    "node_modules/crypto-random-string": {
      "version": "5.0.0",
      "resolved": "https://registry.npmjs.org/crypto-random-string/-/crypto-random-string-5.0.0.tgz",
      "integrity": "sha512-KWjTXWwxFd6a94m5CdRGW/t82Tr8DoBc9dNnPCAbFI1EBweN6v1tv8y4Y1m7ndkp/nkIBRxUxAzpaBnR2k3bcQ==",
      "dependencies": {
        "type-fest": "^2.12.2"
      },
      "engines": {
        "node": ">=14.16"
      },
      "funding": {
        "url": "https://github.com/sponsors/sindresorhus"
      }
    },
    "node_modules/type-fest": {
      "version": "2.19.0",
      "resolved": "https://registry.npmjs.org/type-fest/-/type-fest-2.19.0.tgz",
      "integrity": "sha512-RAH822pAdBgcNMAfWnCBU3CFZcfZ/i1eZjwFU/dsLKumyuuP3niueg2UAukXYF0E2AAoc82ZSSf9J0WQBinzHA==",
      "engines": {
        "node": ">=12.20"
      },
      "funding": {
        "url": "https://github.com/sponsors/sindresorhus"
      }
    },
    "node_modules/uuid": {
      "version": "9.0.1",
      "resolved": "https://registry.npmjs.org/uuid/-/uuid-9.0.1.tgz",
      "integrity": "sha512-b+1eJOlsR9K8HJpow9Ok3fiWOWSIcIzXodvv0rQjVoOVNpWMpxf1wZNpt4y9h10odCNrqnYp1OBzRktckBe3sA==",
      "funding": [
        "https://github.com/sponsors/broofa",
        "https://github.com/sponsors/ctavan"
      ],
      "bin": {
        "uuid": "dist/bin/uuid"
      }
    }
  },
  "dependencies": {
    "@types/aws-lambda": {
      "version": "8.10.136",
      "resolved": "https://registry.npmjs.org/@types/aws-lambda/-/aws-lambda-8.10.136.tgz",
      "integrity": "sha512-cmmgqxdVGhxYK9lZMYYXYRJk6twBo53ivtXjIUEFZxfxe4TkZTZBK3RRWrY2HjJcUIix0mdifn15yjOAat5lTA==",
      "dev": true
    },
    "crypto-random-string": {
      "version": "5.0.0",
      "resolved": "https://registry.npmjs.org/crypto-random-string/-/crypto-random-string-5.0.0.tgz",
      "integrity": "sha512-KWjTXWwxFd6a94m5CdRGW/t82Tr8DoBc9dNnPCAbFI1EBweN6v1tv8y4Y1m7ndkp/nkIBRxUxAzpaBnR2k3bcQ==",
      "requires": {
        "type-fest": "^2.12.2"
      }
    },
    "type-fest": {
      "version": "2.19.0",
      "resolved": "https://registry.npmjs.org/type-fest/-/type-fest-2.19.0.tgz",
      "integrity": "sha512-RAH822pAdBgcNMAfWnCBU3CFZcfZ/i1eZjwFU/dsLKumyuuP3niueg2UAukXYF0E2AAoc82ZSSf9J0WQBinzHA=="
    },
    "uuid": {
      "version": "9.0.1",
      "resolved": "https://registry.npmjs.org/uuid/-/uuid-9.0.1.tgz",
      "integrity": "sha512-b+1eJOlsR9K8HJpow9Ok3fiWOWSIcIzXodvv0rQjVoOVNpWMpxf1wZNpt4y9h10odCNrqnYp1OBzRktckBe3sA=="
    }
  }
}
